// !$*UTF8*$!
{
	archiveVersion = 1;
	classes = {
	};
	objectVersion = 46;
	objects = {

/* Begin PBXBuildFile section */
		8ED6758A18BB32E700BD8AEF /* Foundation.framework in Frameworks */ = {isa = PBXBuildFile; fileRef = 8ED6758918BB32E700BD8AEF /* Foundation.framework */; };
		8ED6758C18BB32E700BD8AEF /* CoreGraphics.framework in Frameworks */ = {isa = PBXBuildFile; fileRef = 8ED6758B18BB32E700BD8AEF /* CoreGraphics.framework */; };
		8ED6758E18BB32E700BD8AEF /* UIKit.framework in Frameworks */ = {isa = PBXBuildFile; fileRef = 8ED6758D18BB32E700BD8AEF /* UIKit.framework */; };
		8ED6759418BB32E700BD8AEF /* InfoPlist.strings in Resources */ = {isa = PBXBuildFile; fileRef = 8ED6759218BB32E700BD8AEF /* InfoPlist.strings */; };
		8ED6759618BB32E700BD8AEF /* main.m in Sources */ = {isa = PBXBuildFile; fileRef = 8ED6759518BB32E700BD8AEF /* main.m */; };
		8ED6759A18BB32E700BD8AEF /* MotionImageAppDelegate.m in Sources */ = {isa = PBXBuildFile; fileRef = 8ED6759918BB32E700BD8AEF /* MotionImageAppDelegate.m */; };
		8ED6759D18BB32E700BD8AEF /* Main.storyboard in Resources */ = {isa = PBXBuildFile; fileRef = 8ED6759B18BB32E700BD8AEF /* Main.storyboard */; };
		8ED675A018BB32E700BD8AEF /* MotionImageViewController.m in Sources */ = {isa = PBXBuildFile; fileRef = 8ED6759F18BB32E700BD8AEF /* MotionImageViewController.m */; };
		8ED675A218BB32E700BD8AEF /* Images.xcassets in Resources */ = {isa = PBXBuildFile; fileRef = 8ED675A118BB32E700BD8AEF /* Images.xcassets */; };
		8ED675A918BB32E700BD8AEF /* XCTest.framework in Frameworks */ = {isa = PBXBuildFile; fileRef = 8ED675A818BB32E700BD8AEF /* XCTest.framework */; };
		8ED675AA18BB32E700BD8AEF /* Foundation.framework in Frameworks */ = {isa = PBXBuildFile; fileRef = 8ED6758918BB32E700BD8AEF /* Foundation.framework */; };
		8ED675AB18BB32E700BD8AEF /* UIKit.framework in Frameworks */ = {isa = PBXBuildFile; fileRef = 8ED6758D18BB32E700BD8AEF /* UIKit.framework */; };
		8ED675B318BB32E700BD8AEF /* InfoPlist.strings in Resources */ = {isa = PBXBuildFile; fileRef = 8ED675B118BB32E700BD8AEF /* InfoPlist.strings */; };
		8ED675B518BB32E700BD8AEF /* MotionImageTests.m in Sources */ = {isa = PBXBuildFile; fileRef = 8ED675B418BB32E700BD8AEF /* MotionImageTests.m */; };
/* End PBXBuildFile section */

/* Begin PBXContainerItemProxy section */
		8ED675AC18BB32E700BD8AEF /* PBXContainerItemProxy */ = {
			isa = PBXContainerItemProxy;
			containerPortal = 8ED6757E18BB32E700BD8AEF /* Project object */;
			proxyType = 1;
			remoteGlobalIDString = 8ED6758518BB32E700BD8AEF;
			remoteInfo = MotionImage;
		};
/* End PBXContainerItemProxy section */

/* Begin PBXFileReference section */
		8ED6758618BB32E700BD8AEF /* MotionImage.app */ = {isa = PBXFileReference; explicitFileType = wrapper.application; includeInIndex = 0; path = MotionImage.app; sourceTree = BUILT_PRODUCTS_DIR; };
		8ED6758918BB32E700BD8AEF /* Foundation.framework */ = {isa = PBXFileReference; lastKnownFileType = wrapper.framework; name = Foundation.framework; path = System/Library/Frameworks/Foundation.framework; sourceTree = SDKROOT; };
		8ED6758B18BB32E700BD8AEF /* CoreGraphics.framework */ = {isa = PBXFileReference; lastKnownFileType = wrapper.framework; name = CoreGraphics.framework; path = System/Library/Frameworks/CoreGraphics.framework; sourceTree = SDKROOT; };
		8ED6758D18BB32E700BD8AEF /* UIKit.framework */ = {isa = PBXFileReference; lastKnownFileType = wrapper.framework; name = UIKit.framework; path = System/Library/Frameworks/UIKit.framework; sourceTree = SDKROOT; };
		8ED6759118BB32E700BD8AEF /* MotionImage-Info.plist */ = {isa = PBXFileReference; lastKnownFileType = text.plist.xml; path = "MotionImage-Info.plist"; sourceTree = "<group>"; };
		8ED6759318BB32E700BD8AEF /* en */ = {isa = PBXFileReference; lastKnownFileType = text.plist.strings; name = en; path = en.lproj/InfoPlist.strings; sourceTree = "<group>"; };
		8ED6759518BB32E700BD8AEF /* main.m */ = {isa = PBXFileReference; lastKnownFileType = sourcecode.c.objc; path = main.m; sourceTree = "<group>"; };
		8ED6759718BB32E700BD8AEF /* MotionImage-Prefix.pch */ = {isa = PBXFileReference; lastKnownFileType = sourcecode.c.h; path = "MotionImage-Prefix.pch"; sourceTree = "<group>"; };
		8ED6759818BB32E700BD8AEF /* MotionImageAppDelegate.h */ = {isa = PBXFileReference; lastKnownFileType = sourcecode.c.h; path = MotionImageAppDelegate.h; sourceTree = "<group>"; };
		8ED6759918BB32E700BD8AEF /* MotionImageAppDelegate.m */ = {isa = PBXFileReference; lastKnownFileType = sourcecode.c.objc; path = MotionImageAppDelegate.m; sourceTree = "<group>"; };
		8ED6759C18BB32E700BD8AEF /* Base */ = {isa = PBXFileReference; lastKnownFileType = file.storyboard; name = Base; path = Base.lproj/Main.storyboard; sourceTree = "<group>"; };
		8ED6759E18BB32E700BD8AEF /* MotionImageViewController.h */ = {isa = PBXFileReference; lastKnownFileType = sourcecode.c.h; path = MotionImageViewController.h; sourceTree = "<group>"; };
		8ED6759F18BB32E700BD8AEF /* MotionImageViewController.m */ = {isa = PBXFileReference; lastKnownFileType = sourcecode.c.objc; path = MotionImageViewController.m; sourceTree = "<group>"; };
		8ED675A118BB32E700BD8AEF /* Images.xcassets */ = {isa = PBXFileReference; lastKnownFileType = folder.assetcatalog; path = Images.xcassets; sourceTree = "<group>"; };
		8ED675A718BB32E700BD8AEF /* MotionImageTests.xctest */ = {isa = PBXFileReference; explicitFileType = wrapper.cfbundle; includeInIndex = 0; path = MotionImageTests.xctest; sourceTree = BUILT_PRODUCTS_DIR; };
		8ED675A818BB32E700BD8AEF /* XCTest.framework */ = {isa = PBXFileReference; lastKnownFileType = wrapper.framework; name = XCTest.framework; path = Library/Frameworks/XCTest.framework; sourceTree = DEVELOPER_DIR; };
		8ED675B018BB32E700BD8AEF /* MotionImageTests-Info.plist */ = {isa = PBXFileReference; lastKnownFileType = text.plist.xml; path = "MotionImageTests-Info.plist"; sourceTree = "<group>"; };
		8ED675B218BB32E700BD8AEF /* en */ = {isa = PBXFileReference; lastKnownFileType = text.plist.strings; name = en; path = en.lproj/InfoPlist.strings; sourceTree = "<group>"; };
		8ED675B418BB32E700BD8AEF /* MotionImageTests.m */ = {isa = PBXFileReference; lastKnownFileType = sourcecode.c.objc; path = MotionImageTests.m; sourceTree = "<group>"; };
/* End PBXFileReference section */

/* Begin PBXFrameworksBuildPhase section */
		8ED6758318BB32E700BD8AEF /* Frameworks */ = {
			isa = PBXFrameworksBuildPhase;
			buildActionMask = 2147483647;
			files = (
				8ED6758C18BB32E700BD8AEF /* CoreGraphics.framework in Frameworks */,
				8ED6758E18BB32E700BD8AEF /* UIKit.framework in Frameworks */,
				8ED6758A18BB32E700BD8AEF /* Foundation.framework in Frameworks */,
			);
			runOnlyForDeploymentPostprocessing = 0;
		};
		8ED675A418BB32E700BD8AEF /* Frameworks */ = {
			isa = PBXFrameworksBuildPhase;
			buildActionMask = 2147483647;
			files = (
				8ED675A918BB32E700BD8AEF /* XCTest.framework in Frameworks */,
				8ED675AB18BB32E700BD8AEF /* UIKit.framework in Frameworks */,
				8ED675AA18BB32E700BD8AEF /* Foundation.framework in Frameworks */,
			);
			runOnlyForDeploymentPostprocessing = 0;
		};
/* End PBXFrameworksBuildPhase section */

/* Begin PBXGroup section */
		8ED6757D18BB32E700BD8AEF = {
			isa = PBXGroup;
			children = (
				8ED6758F18BB32E700BD8AEF /* MotionImage */,
				8ED675AE18BB32E700BD8AEF /* MotionImageTests */,
				8ED6758818BB32E700BD8AEF /* Frameworks */,
				8ED6758718BB32E700BD8AEF /* Products */,
			);
			sourceTree = "<group>";
		};
		8ED6758718BB32E700BD8AEF /* Products */ = {
			isa = PBXGroup;
			children = (
				8ED6758618BB32E700BD8AEF /* MotionImage.app */,
				8ED675A718BB32E700BD8AEF /* MotionImageTests.xctest */,
			);
			name = Products;
			sourceTree = "<group>";
		};
		8ED6758818BB32E700BD8AEF /* Frameworks */ = {
			isa = PBXGroup;
			children = (
				8ED6758918BB32E700BD8AEF /* Foundation.framework */,
				8ED6758B18BB32E700BD8AEF /* CoreGraphics.framework */,
				8ED6758D18BB32E700BD8AEF /* UIKit.framework */,
				8ED675A818BB32E700BD8AEF /* XCTest.framework */,
			);
			name = Frameworks;
			sourceTree = "<group>";
		};
		8ED6758F18BB32E700BD8AEF /* MotionImage */ = {
			isa = PBXGroup;
			children = (
				8ED6759818BB32E700BD8AEF /* MotionImageAppDelegate.h */,
				8ED6759918BB32E700BD8AEF /* MotionImageAppDelegate.m */,
				8ED6759B18BB32E700BD8AEF /* Main.storyboard */,
				8ED6759E18BB32E700BD8AEF /* MotionImageViewController.h */,
				8ED6759F18BB32E700BD8AEF /* MotionImageViewController.m */,
				8ED675A118BB32E700BD8AEF /* Images.xcassets */,
				8ED6759018BB32E700BD8AEF /* Supporting Files */,
			);
			path = MotionImage;
			sourceTree = "<group>";
		};
		8ED6759018BB32E700BD8AEF /* Supporting Files */ = {
			isa = PBXGroup;
			children = (
				8ED6759118BB32E700BD8AEF /* MotionImage-Info.plist */,
				8ED6759218BB32E700BD8AEF /* InfoPlist.strings */,
				8ED6759518BB32E700BD8AEF /* main.m */,
				8ED6759718BB32E700BD8AEF /* MotionImage-Prefix.pch */,
			);
			name = "Supporting Files";
			sourceTree = "<group>";
		};
		8ED675AE18BB32E700BD8AEF /* MotionImageTests */ = {
			isa = PBXGroup;
			children = (
				8ED675B418BB32E700BD8AEF /* MotionImageTests.m */,
				8ED675AF18BB32E700BD8AEF /* Supporting Files */,
			);
			path = MotionImageTests;
			sourceTree = "<group>";
		};
		8ED675AF18BB32E700BD8AEF /* Supporting Files */ = {
			isa = PBXGroup;
			children = (
				8ED675B018BB32E700BD8AEF /* MotionImageTests-Info.plist */,
				8ED675B118BB32E700BD8AEF /* InfoPlist.strings */,
			);
			name = "Supporting Files";
			sourceTree = "<group>";
		};
/* End PBXGroup section */

/* Begin PBXNativeTarget section */
		8ED6758518BB32E700BD8AEF /* MotionImage */ = {
			isa = PBXNativeTarget;
			buildConfigurationList = 8ED675B818BB32E700BD8AEF /* Build configuration list for PBXNativeTarget "MotionImage" */;
			buildPhases = (
				8ED6758218BB32E700BD8AEF /* Sources */,
				8ED6758318BB32E700BD8AEF /* Frameworks */,
				8ED6758418BB32E700BD8AEF /* Resources */,
			);
			buildRules = (
			);
			dependencies = (
			);
			name = MotionImage;
			productName = MotionImage;
			productReference = 8ED6758618BB32E700BD8AEF /* MotionImage.app */;
			productType = "com.apple.product-type.application";
		};
		8ED675A618BB32E700BD8AEF /* MotionImageTests */ = {
			isa = PBXNativeTarget;
			buildConfigurationList = 8ED675BB18BB32E700BD8AEF /* Build configuration list for PBXNativeTarget "MotionImageTests" */;
			buildPhases = (
				8ED675A318BB32E700BD8AEF /* Sources */,
				8ED675A418BB32E700BD8AEF /* Frameworks */,
				8ED675A518BB32E700BD8AEF /* Resources */,
			);
			buildRules = (
			);
			dependencies = (
				8ED675AD18BB32E700BD8AEF /* PBXTargetDependency */,
			);
			name = MotionImageTests;
			productName = MotionImageTests;
			productReference = 8ED675A718BB32E700BD8AEF /* MotionImageTests.xctest */;
			productType = "com.apple.product-type.bundle.unit-test";
		};
/* End PBXNativeTarget section */

/* Begin PBXProject section */
		8ED6757E18BB32E700BD8AEF /* Project object */ = {
			isa = PBXProject;
			attributes = {
				CLASSPREFIX = MotionImage;
				LastUpgradeCheck = 0500;
				ORGANIZATIONNAME = PicsureHunt;
				TargetAttributes = {
					8ED675A618BB32E700BD8AEF = {
						TestTargetID = 8ED6758518BB32E700BD8AEF;
					};
				};
			};
			buildConfigurationList = 8ED6758118BB32E700BD8AEF /* Build configuration list for PBXProject "MotionImage" */;
			compatibilityVersion = "Xcode 3.2";
			developmentRegion = English;
			hasScannedForEncodings = 0;
			knownRegions = (
				en,
				Base,
			);
			mainGroup = 8ED6757D18BB32E700BD8AEF;
			productRefGroup = 8ED6758718BB32E700BD8AEF /* Products */;
			projectDirPath = "";
			projectRoot = "";
			targets = (
				8ED6758518BB32E700BD8AEF /* MotionImage */,
				8ED675A618BB32E700BD8AEF /* MotionImageTests */,
			);
		};
/* End PBXProject section */

/* Begin PBXResourcesBuildPhase section */
		8ED6758418BB32E700BD8AEF /* Resources */ = {
			isa = PBXResourcesBuildPhase;
			buildActionMask = 2147483647;
			files = (
				8ED675A218BB32E700BD8AEF /* Images.xcassets in Resources */,
				8ED6759418BB32E700BD8AEF /* InfoPlist.strings in Resources */,
				8ED6759D18BB32E700BD8AEF /* Main.storyboard in Resources */,
			);
			runOnlyForDeploymentPostprocessing = 0;
		};
		8ED675A518BB32E700BD8AEF /* Resources */ = {
			isa = PBXResourcesBuildPhase;
			buildActionMask = 2147483647;
			files = (
				8ED675B318BB32E700BD8AEF /* InfoPlist.strings in Resources */,
			);
			runOnlyForDeploymentPostprocessing = 0;
		};
/* End PBXResourcesBuildPhase section */

/* Begin PBXSourcesBuildPhase section */
		8ED6758218BB32E700BD8AEF /* Sources */ = {
			isa = PBXSourcesBuildPhase;
			buildActionMask = 2147483647;
			files = (
				8ED6759A18BB32E700BD8AEF /* MotionImageAppDelegate.m in Sources */,
				8ED675A018BB32E700BD8AEF /* MotionImageViewController.m in Sources */,
				8ED6759618BB32E700BD8AEF /* main.m in Sources */,
			);
			runOnlyForDeploymentPostprocessing = 0;
		};
		8ED675A318BB32E700BD8AEF /* Sources */ = {
			isa = PBXSourcesBuildPhase;
			buildActionMask = 2147483647;
			files = (
				8ED675B518BB32E700BD8AEF /* MotionImageTests.m in Sources */,
			);
			runOnlyForDeploymentPostprocessing = 0;
		};
/* End PBXSourcesBuildPhase section */

/* Begin PBXTargetDependency section */
		8ED675AD18BB32E700BD8AEF /* PBXTargetDependency */ = {
			isa = PBXTargetDependency;
			target = 8ED6758518BB32E700BD8AEF /* MotionImage */;
			targetProxy = 8ED675AC18BB32E700BD8AEF /* PBXContainerItemProxy */;
		};
/* End PBXTargetDependency section */

/* Begin PBXVariantGroup section */
		8ED6759218BB32E700BD8AEF /* InfoPlist.strings */ = {
			isa = PBXVariantGroup;
			children = (
				8ED6759318BB32E700BD8AEF /* en */,
			);
			name = InfoPlist.strings;
			sourceTree = "<group>";
		};
		8ED6759B18BB32E700BD8AEF /* Main.storyboard */ = {
			isa = PBXVariantGroup;
			children = (
				8ED6759C18BB32E700BD8AEF /* Base */,
			);
			name = Main.storyboard;
			sourceTree = "<group>";
		};
		8ED675B118BB32E700BD8AEF /* InfoPlist.strings */ = {
			isa = PBXVariantGroup;
			children = (
				8ED675B218BB32E700BD8AEF /* en */,
			);
			name = InfoPlist.strings;
			sourceTree = "<group>";
		};
/* End PBXVariantGroup section */

/* Begin XCBuildConfiguration section */
		8ED675B618BB32E700BD8AEF /* Debug */ = {
			isa = XCBuildConfiguration;
			buildSettings = {
				ALWAYS_SEARCH_USER_PATHS = NO;
				ARCHS = "$(ARCHS_STANDARD_INCLUDING_64_BIT)";
				CLANG_CXX_LANGUAGE_STANDARD = "gnu++0x";
				CLANG_CXX_LIBRARY = "libc++";
				CLANG_ENABLE_MODULES = YES;
				CLANG_ENABLE_OBJC_ARC = YES;
				CLANG_WARN_BOOL_CONVERSION = YES;
				CLANG_WARN_CONSTANT_CONVERSION = YES;
				CLANG_WARN_DIRECT_OBJC_ISA_USAGE = YES_ERROR;
				CLANG_WARN_EMPTY_BODY = YES;
				CLANG_WARN_ENUM_CONVERSION = YES;
				CLANG_WARN_INT_CONVERSION = YES;
				CLANG_WARN_OBJC_ROOT_CLASS = YES_ERROR;
				CLANG_WARN__DUPLICATE_METHOD_MATCH = YES;
				"CODE_SIGN_IDENTITY[sdk=iphoneos*]" = "iPhone Developer";
				COPY_PHASE_STRIP = NO;
				GCC_C_LANGUAGE_STANDARD = gnu99;
				GCC_DYNAMIC_NO_PIC = NO;
				GCC_OPTIMIZATION_LEVEL = 0;
				GCC_PREPROCESSOR_DEFINITIONS = (
					"DEBUG=1",
					"$(inherited)",
				);
				GCC_SYMBOLS_PRIVATE_EXTERN = NO;
				GCC_WARN_64_TO_32_BIT_CONVERSION = YES;
				GCC_WARN_ABOUT_RETURN_TYPE = YES_ERROR;
				GCC_WARN_UNDECLARED_SELECTOR = YES;
				GCC_WARN_UNINITIALIZED_AUTOS = YES;
				GCC_WARN_UNUSED_FUNCTION = YES;
				GCC_WARN_UNUSED_VARIABLE = YES;
				IPHONEOS_DEPLOYMENT_TARGET = 7.0;
				ONLY_ACTIVE_ARCH = YES;
				SDKROOT = iphoneos;
			};
			name = Debug;
		};
		8ED675B718BB32E700BD8AEF /* Release */ = {
			isa = XCBuildConfiguration;
			buildSettings = {
				ALWAYS_SEARCH_USER_PATHS = NO;
				ARCHS = "$(ARCHS_STANDARD_INCLUDING_64_BIT)";
				CLANG_CXX_LANGUAGE_STANDARD = "gnu++0x";
				CLANG_CXX_LIBRARY = "libc++";
				CLANG_ENABLE_MODULES = YES;
				CLANG_ENABLE_OBJC_ARC = YES;
				CLANG_WARN_BOOL_CONVERSION = YES;
				CLANG_WARN_CONSTANT_CONVERSION = YES;
				CLANG_WARN_DIRECT_OBJC_ISA_USAGE = YES_ERROR;
				CLANG_WARN_EMPTY_BODY = YES;
				CLANG_WARN_ENUM_CONVERSION = YES;
				CLANG_WARN_INT_CONVERSION = YES;
				CLANG_WARN_OBJC_ROOT_CLASS = YES_ERROR;
				CLANG_WARN__DUPLICATE_METHOD_MATCH = YES;
				"CODE_SIGN_IDENTITY[sdk=iphoneos*]" = "iPhone Developer";
				COPY_PHASE_STRIP = YES;
				ENABLE_NS_ASSERTIONS = NO;
				GCC_C_LANGUAGE_STANDARD = gnu99;
				GCC_WARN_64_TO_32_BIT_CONVERSION = YES;
				GCC_WARN_ABOUT_RETURN_TYPE = YES_ERROR;
				GCC_WARN_UNDECLARED_SELECTOR = YES;
				GCC_WARN_UNINITIALIZED_AUTOS = YES;
				GCC_WARN_UNUSED_FUNCTION = YES;
				GCC_WARN_UNUSED_VARIABLE = YES;
				IPHONEOS_DEPLOYMENT_TARGET = 7.0;
				SDKROOT = iphoneos;
				VALIDATE_PRODUCT = YES;
			};
			name = Release;
		};
		8ED675B918BB32E700BD8AEF /* Debug */ = {
			isa = XCBuildConfiguration;
			buildSettings = {
				ASSETCATALOG_COMPILER_APPICON_NAME = AppIcon;
				ASSETCATALOG_COMPILER_LAUNCHIMAGE_NAME = LaunchImage;
				GCC_PRECOMPILE_PREFIX_HEADER = YES;
				GCC_PREFIX_HEADER = "MotionImage/MotionImage-Prefix.pch";
				INFOPLIST_FILE = "MotionImage/MotionImage-Info.plist";
				PRODUCT_NAME = "$(TARGET_NAME)";
				WRAPPER_EXTENSION = app;
			};
			name = Debug;
		};
		8ED675BA18BB32E700BD8AEF /* Release */ = {
			isa = XCBuildConfiguration;
			buildSettings = {
				ASSETCATALOG_COMPILER_APPICON_NAME = AppIcon;
				ASSETCATALOG_COMPILER_LAUNCHIMAGE_NAME = LaunchImage;
				GCC_PRECOMPILE_PREFIX_HEADER = YES;
				GCC_PREFIX_HEADER = "MotionImage/MotionImage-Prefix.pch";
				INFOPLIST_FILE = "MotionImage/MotionImage-Info.plist";
				PRODUCT_NAME = "$(TARGET_NAME)";
				WRAPPER_EXTENSION = app;
			};
			name = Release;
		};
		8ED675BC18BB32E700BD8AEF /* Debug */ = {
			isa = XCBuildConfiguration;
			buildSettings = {
				ARCHS = "$(ARCHS_STANDARD_INCLUDING_64_BIT)";
				BUNDLE_LOADER = "$(BUILT_PRODUCTS_DIR)/MotionImage.app/MotionImage";
				FRAMEWORK_SEARCH_PATHS = (
					"$(SDKROOT)/Developer/Library/Frameworks",
					"$(inherited)",
					"$(DEVELOPER_FRAMEWORKS_DIR)",
				);
				GCC_PRECOMPILE_PREFIX_HEADER = YES;
				GCC_PREFIX_HEADER = "MotionImage/MotionImage-Prefix.pch";
				GCC_PREPROCESSOR_DEFINITIONS = (
					"DEBUG=1",
					"$(inherited)",
				);
				INFOPLIST_FILE = "MotionImageTests/MotionImageTests-Info.plist";
				PRODUCT_NAME = "$(TARGET_NAME)";
				TEST_HOST = "$(BUNDLE_LOADER)";
				WRAPPER_EXTENSION = xctest;
			};
			name = Debug;
		};
		8ED675BD18BB32E700BD8AEF /* Release */ = {
			isa = XCBuildConfiguration;
			buildSettings = {
				ARCHS = "$(ARCHS_STANDARD_INCLUDING_64_BIT)";
				BUNDLE_LOADER = "$(BUILT_PRODUCTS_DIR)/MotionImage.app/MotionImage";
				FRAMEWORK_SEARCH_PATHS = (
					"$(SDKROOT)/Developer/Library/Frameworks",
					"$(inherited)",
					"$(DEVELOPER_FRAMEWORKS_DIR)",
				);
				GCC_PRECOMPILE_PREFIX_HEADER = YES;
				GCC_PREFIX_HEADER = "MotionImage/MotionImage-Prefix.pch";
				INFOPLIST_FILE = "MotionImageTests/MotionImageTests-Info.plist";
				PRODUCT_NAME = "$(TARGET_NAME)";
				TEST_HOST = "$(BUNDLE_LOADER)";
				WRAPPER_EXTENSION = xctest;
			};
			name = Release;
		};
/* End XCBuildConfiguration section */

/* Begin XCConfigurationList section */
		8ED6758118BB32E700BD8AEF /* Build configuration list for PBXProject "MotionImage" */ = {
			isa = XCConfigurationList;
			buildConfigurations = (
				8ED675B618BB32E700BD8AEF /* Debug */,
				8ED675B718BB32E700BD8AEF /* Release */,
			);
			defaultConfigurationIsVisible = 0;
			defaultConfigurationName = Release;
		};
		8ED675B818BB32E700BD8AEF /* Build configuration list for PBXNativeTarget "MotionImage" */ = {
			isa = XCConfigurationList;
			buildConfigurations = (
				8ED675B918BB32E700BD8AEF /* Debug */,
				8ED675BA18BB32E700BD8AEF /* Release */,
			);
			defaultConfigurationIsVisible = 0;
		};
		8ED675BB18BB32E700BD8AEF /* Build configuration list for PBXNativeTarget "MotionImageTests" */ = {
			isa = XCConfigurationList;
			buildConfigurations = (
				8ED675BC18BB32E700BD8AEF /* Debug */,
				8ED675BD18BB32E700BD8AEF /* Release */,
			);
			defaultConfigurationIsVisible = 0;
		};
/* End XCConfigurationList section */
	};
	rootObject = 8ED6757E18BB32E700BD8AEF /* Project object */;
}
